
Microsoft Visual Studio Solution File, Format Version 12.00
# Visual Studio Version 17
VisualStudioVersion = 17.4.33213.308
MinimumVisualStudioVersion = 10.0.40219.1
Project("{FAE04EC0-301F-11D3-BF4B-00C04F79EFBC}") = "Advanced.net", "Advanced.net.csproj", "{C74E7C88-E58B-4DB9-A761-B36BFA51455D}"
EndProject
Global
	GlobalSection(SolutionConfigurationPlatforms) = preSolution
		Debug|Any CPU = Debug|Any CPU
		Release|Any CPU = Release|Any CPU
	EndGlobalSection
	GlobalSection(ProjectConfigurationPlatforms) = postSolution
		{C74E7C88-E58B-4DB9-A761-B36BFA51455D}.Debug|Any CPU.ActiveCfg = Debug|Any CPU
		{C74E7C88-E58B-4DB9-A761-B36BFA51455D}.Debug|Any CPU.Build.0 = Debug|Any CPU
		{C74E7C88-E58B-4DB9-A761-B36BFA51455D}.Release|Any CPU.ActiveCfg = Release|Any CPU
		{C74E7C88-E58B-4DB9-A761-B36BFA51455D}.Release|Any CPU.Build.0 = Release|Any CPU
	EndGlobalSection
	GlobalSection(SolutionProperties) = preSolution
		HideSolutionNode = FALSE
	EndGlobalSection
	GlobalSection(ExtensibilityGlobals) = postSolution
		SolutionGuid = {2D9C6A36-0589-4A91-A4CC-D03C715AF84A}
	EndGlobalSection
EndGlobal
